
Microsoft Visual Studio Solution File, Format Version 12.00
# Visual Studio Version 17
VisualStudioVersion = 17.9.34723.18
MinimumVisualStudioVersion = 10.0.40219.1
Project("{FAE04EC0-301F-11D3-BF4B-00C04F79EFBC}") = "PizzaOrderSystem", "PizzaOrderSystem.csproj", "{DB5CC46B-A396-4E54-A494-35F172F18A8E}"
EndProject
Global
	GlobalSection(SolutionConfigurationPlatforms) = preSolution
		Debug|Any CPU = Debug|Any CPU
		Release|Any CPU = Release|Any CPU
	EndGlobalSection
	GlobalSection(ProjectConfigurationPlatforms) = postSolution
		{DB5CC46B-A396-4E54-A494-35F172F18A8E}.Debug|Any CPU.ActiveCfg = Debug|Any CPU
		{DB5CC46B-A396-4E54-A494-35F172F18A8E}.Debug|Any CPU.Build.0 = Debug|Any CPU
		{DB5CC46B-A396-4E54-A494-35F172F18A8E}.Release|Any CPU.ActiveCfg = Release|Any CPU
		{DB5CC46B-A396-4E54-A494-35F172F18A8E}.Release|Any CPU.Build.0 = Release|Any CPU
	EndGlobalSection
	GlobalSection(SolutionProperties) = preSolution
		HideSolutionNode = FALSE
	EndGlobalSection
	GlobalSection(ExtensibilityGlobals) = postSolution
		SolutionGuid = {7714545A-47CA-4315-A38A-EE91C7B70B93}
	EndGlobalSection
EndGlobal
